// !$*UTF8*$!
{
	archiveVersion = 1;
	classes = {
	};
	objectVersion = 55;
	objects = {

/* Begin PBXBuildFile section */
		C22FD1BC279BE9250055F3DB /* AddActivatyViewController.swift in Sources */ = {isa = PBXBuildFile; fileRef = C22FD1BB279BE9250055F3DB /* AddActivatyViewController.swift */; };
		C244B9C32794DFC9008B8D8C /* TripModel.swift in Sources */ = {isa = PBXBuildFile; fileRef = C244B9C22794DFC9008B8D8C /* TripModel.swift */; };
		C244B9C52794EBF9008B8D8C /* TripsTableViewCell.swift in Sources */ = {isa = PBXBuildFile; fileRef = C244B9C42794EBF9008B8D8C /* TripsTableViewCell.swift */; };
		C244B9C72794F7A4008B8D8C /* MochiyPopPOne-Regular.ttf in Resources */ = {isa = PBXBuildFile; fileRef = C244B9C62794F7A4008B8D8C /* MochiyPopPOne-Regular.ttf */; };
		C244B9CA2794FD5A008B8D8C /* Colors.xcassets in Resources */ = {isa = PBXBuildFile; fileRef = C244B9C92794FD5A008B8D8C /* Colors.xcassets */; };
		C244B9D027952722008B8D8C /* AddTripViewController.swift in Sources */ = {isa = PBXBuildFile; fileRef = C244B9CF27952722008B8D8C /* AddTripViewController.swift */; };
		C25EED46279CABF2002ED00D /* IQKeyboardManagerSwift in Frameworks */ = {isa = PBXBuildFile; productRef = C25EED45279CABF2002ED00D /* IQKeyboardManagerSwift */; };
		C29EDDA627935770007159FB /* AppDelegate.swift in Sources */ = {isa = PBXBuildFile; fileRef = C29EDDA527935770007159FB /* AppDelegate.swift */; };
		C29EDDA827935770007159FB /* SceneDelegate.swift in Sources */ = {isa = PBXBuildFile; fileRef = C29EDDA727935770007159FB /* SceneDelegate.swift */; };
		C29EDDAA27935770007159FB /* TripsViewController.swift in Sources */ = {isa = PBXBuildFile; fileRef = C29EDDA927935770007159FB /* TripsViewController.swift */; };
		C29EDDAD27935770007159FB /* Main.storyboard in Resources */ = {isa = PBXBuildFile; fileRef = C29EDDAB27935770007159FB /* Main.storyboard */; };
		C29EDDB027935770007159FB /* Itinerary.xcdatamodeld in Sources */ = {isa = PBXBuildFile; fileRef = C29EDDAE27935770007159FB /* Itinerary.xcdatamodeld */; };
		C29EDDB227935771007159FB /* i.xcassets in Resources */ = {isa = PBXBuildFile; fileRef = C29EDDB127935771007159FB /* i.xcassets */; };
		C29EDDB527935771007159FB /* LaunchScreen.storyboard in Resources */ = {isa = PBXBuildFile; fileRef = C29EDDB327935771007159FB /* LaunchScreen.storyboard */; };
		C2B417A4279A2DF2004C7F00 /* ActivatyTableViewController.swift in Sources */ = {isa = PBXBuildFile; fileRef = C2B417A3279A2DF2004C7F00 /* ActivatyTableViewController.swift */; };
		C2B417A6279A3E4A004C7F00 /* DayModel.swift in Sources */ = {isa = PBXBuildFile; fileRef = C2B417A5279A3E4A004C7F00 /* DayModel.swift */; };
		C2B417A8279A3E5A004C7F00 /* ActivatyModel.swift in Sources */ = {isa = PBXBuildFile; fileRef = C2B417A7279A3E5A004C7F00 /* ActivatyModel.swift */; };
		C2B417AD279A446B004C7F00 /* ActivatyTableViewCell.swift in Sources */ = {isa = PBXBuildFile; fileRef = C2B417AC279A446B004C7F00 /* ActivatyTableViewCell.swift */; };
		C2B417B1279A451A004C7F00 /* Activaty.storyboard in Resources */ = {isa = PBXBuildFile; fileRef = C2B417AF279A451A004C7F00 /* Activaty.storyboard */; };
		C2B417B3279A53E2004C7F00 /* HeaderTableViewCell.swift in Sources */ = {isa = PBXBuildFile; fileRef = C2B417B2279A53E2004C7F00 /* HeaderTableViewCell.swift */; };
		C2B417B5279A6E2A004C7F00 /* ActivatyTypeEnum.swift in Sources */ = {isa = PBXBuildFile; fileRef = C2B417B4279A6E2A004C7F00 /* ActivatyTypeEnum.swift */; };
		C2B417B7279A7F5E004C7F00 /* ActivatyType.xcassets in Resources */ = {isa = PBXBuildFile; fileRef = C2B417B6279A7F5E004C7F00 /* ActivatyType.xcassets */; };
		C2DED22A279A954200AA81A2 /* Help.swift in Sources */ = {isa = PBXBuildFile; fileRef = C2DED229279A954200AA81A2 /* Help.swift */; };
/* End PBXBuildFile section */

/* Begin PBXFileReference section */
		C22FD1BB279BE9250055F3DB /* AddActivatyViewController.swift */ = {isa = PBXFileReference; lastKnownFileType = sourcecode.swift; path = AddActivatyViewController.swift; sourceTree = "<group>"; };
		C244B9C22794DFC9008B8D8C /* TripModel.swift */ = {isa = PBXFileReference; lastKnownFileType = sourcecode.swift; path = TripModel.swift; sourceTree = "<group>"; };
		C244B9C42794EBF9008B8D8C /* TripsTableViewCell.swift */ = {isa = PBXFileReference; lastKnownFileType = sourcecode.swift; path = TripsTableViewCell.swift; sourceTree = "<group>"; };
		C244B9C62794F7A4008B8D8C /* MochiyPopPOne-Regular.ttf */ = {isa = PBXFileReference; lastKnownFileType = file; path = "MochiyPopPOne-Regular.ttf"; sourceTree = "<group>"; };
		C244B9C92794FD5A008B8D8C /* Colors.xcassets */ = {isa = PBXFileReference; lastKnownFileType = folder.assetcatalog; path = Colors.xcassets; sourceTree = "<group>"; };
		C244B9CF27952722008B8D8C /* AddTripViewController.swift */ = {isa = PBXFileReference; lastKnownFileType = sourcecode.swift; path = AddTripViewController.swift; sourceTree = "<group>"; };
		C29EDDA227935770007159FB /* Itinerary.app */ = {isa = PBXFileReference; explicitFileType = wrapper.application; includeInIndex = 0; path = Itinerary.app; sourceTree = BUILT_PRODUCTS_DIR; };
		C29EDDA527935770007159FB /* AppDelegate.swift */ = {isa = PBXFileReference; lastKnownFileType = sourcecode.swift; path = AppDelegate.swift; sourceTree = "<group>"; };
		C29EDDA727935770007159FB /* SceneDelegate.swift */ = {isa = PBXFileReference; lastKnownFileType = sourcecode.swift; path = SceneDelegate.swift; sourceTree = "<group>"; };
		C29EDDA927935770007159FB /* TripsViewController.swift */ = {isa = PBXFileReference; lastKnownFileType = sourcecode.swift; path = TripsViewController.swift; sourceTree = "<group>"; };
		C29EDDAC27935770007159FB /* Base */ = {isa = PBXFileReference; lastKnownFileType = file.storyboard; name = Base; path = Base.lproj/Main.storyboard; sourceTree = "<group>"; };
		C29EDDAF27935770007159FB /* Itinerary.xcdatamodel */ = {isa = PBXFileReference; lastKnownFileType = wrapper.xcdatamodel; path = Itinerary.xcdatamodel; sourceTree = "<group>"; };
		C29EDDB127935771007159FB /* i.xcassets */ = {isa = PBXFileReference; lastKnownFileType = folder.assetcatalog; path = i.xcassets; sourceTree = "<group>"; };
		C29EDDB427935771007159FB /* Base */ = {isa = PBXFileReference; lastKnownFileType = file.storyboard; name = Base; path = Base.lproj/LaunchScreen.storyboard; sourceTree = "<group>"; };
		C29EDDB627935771007159FB /* Info.plist */ = {isa = PBXFileReference; lastKnownFileType = text.plist.xml; path = Info.plist; sourceTree = "<group>"; };
		C2B417A3279A2DF2004C7F00 /* ActivatyTableViewController.swift */ = {isa = PBXFileReference; lastKnownFileType = sourcecode.swift; path = ActivatyTableViewController.swift; sourceTree = "<group>"; };
		C2B417A5279A3E4A004C7F00 /* DayModel.swift */ = {isa = PBXFileReference; lastKnownFileType = sourcecode.swift; path = DayModel.swift; sourceTree = "<group>"; };
		C2B417A7279A3E5A004C7F00 /* ActivatyModel.swift */ = {isa = PBXFileReference; lastKnownFileType = sourcecode.swift; path = ActivatyModel.swift; sourceTree = "<group>"; };
		C2B417AC279A446B004C7F00 /* ActivatyTableViewCell.swift */ = {isa = PBXFileReference; lastKnownFileType = sourcecode.swift; path = ActivatyTableViewCell.swift; sourceTree = "<group>"; };
		C2B417B0279A451A004C7F00 /* Base */ = {isa = PBXFileReference; lastKnownFileType = file.storyboard; name = Base; path = Itinerary/View/Base.lproj/Activaty.storyboard; sourceTree = "<group>"; };
		C2B417B2279A53E2004C7F00 /* HeaderTableViewCell.swift */ = {isa = PBXFileReference; lastKnownFileType = sourcecode.swift; path = HeaderTableViewCell.swift; sourceTree = "<group>"; };
		C2B417B4279A6E2A004C7F00 /* ActivatyTypeEnum.swift */ = {isa = PBXFileReference; lastKnownFileType = sourcecode.swift; path = ActivatyTypeEnum.swift; sourceTree = "<group>"; };
		C2B417B6279A7F5E004C7F00 /* ActivatyType.xcassets */ = {isa = PBXFileReference; lastKnownFileType = folder.assetcatalog; path = ActivatyType.xcassets; sourceTree = "<group>"; };
		C2DED229279A954200AA81A2 /* Help.swift */ = {isa = PBXFileReference; lastKnownFileType = sourcecode.swift; path = Help.swift; sourceTree = "<group>"; };
/* End PBXFileReference section */

/* Begin PBXFrameworksBuildPhase section */
		C29EDD9F27935770007159FB /* Frameworks */ = {
			isa = PBXFrameworksBuildPhase;
			buildActionMask = 2147483647;
			files = (
				C25EED46279CABF2002ED00D /* IQKeyboardManagerSwift in Frameworks */,
			);
			runOnlyForDeploymentPostprocessing = 0;
		};
/* End PBXFrameworksBuildPhase section */

/* Begin PBXGroup section */
		C244B9BF2794DE12008B8D8C /* View */ = {
			isa = PBXGroup;
			children = (
				C29EDDAB27935770007159FB /* Main.storyboard */,
				C2B417AF279A451A004C7F00 /* Activaty.storyboard */,
			);
			path = View;
			sourceTree = "<group>";
		};
		C244B9C02794DE22008B8D8C /* Controller */ = {
			isa = PBXGroup;
			children = (
				C2B417A9279A4392004C7F00 /* Trip */,
				C2B417AE279A4475004C7F00 /* Activaty */,
				C2B417AB279A43CD004C7F00 /* Add VC */,
			);
			path = Controller;
			sourceTree = "<group>";
		};
		C244B9C12794DE2F008B8D8C /* Model */ = {
			isa = PBXGroup;
			children = (
				C244B9C22794DFC9008B8D8C /* TripModel.swift */,
				C2B417A5279A3E4A004C7F00 /* DayModel.swift */,
				C2B417A7279A3E5A004C7F00 /* ActivatyModel.swift */,
				C2B417B4279A6E2A004C7F00 /* ActivatyTypeEnum.swift */,
			);
			path = Model;
			sourceTree = "<group>";
		};
		C244B9C82794F7AC008B8D8C /* Founts */ = {
			isa = PBXGroup;
			children = (
				C244B9C62794F7A4008B8D8C /* MochiyPopPOne-Regular.ttf */,
			);
			path = Founts;
			sourceTree = "<group>";
		};
		C29EDD9927935770007159FB = {
			isa = PBXGroup;
			children = (
				C29EDDA427935770007159FB /* Itinerary */,
				C29EDDA327935770007159FB /* Products */,
			);
			sourceTree = "<group>";
		};
		C29EDDA327935770007159FB /* Products */ = {
			isa = PBXGroup;
			children = (
				C29EDDA227935770007159FB /* Itinerary.app */,
			);
			name = Products;
			sourceTree = "<group>";
		};
		C29EDDA427935770007159FB /* Itinerary */ = {
			isa = PBXGroup;
			children = (
				C29EDDA527935770007159FB /* AppDelegate.swift */,
				C29EDDA727935770007159FB /* SceneDelegate.swift */,
				C2DED229279A954200AA81A2 /* Help.swift */,
				C244B9C92794FD5A008B8D8C /* Colors.xcassets */,
				C2B417B6279A7F5E004C7F00 /* ActivatyType.xcassets */,
				C244B9C82794F7AC008B8D8C /* Founts */,
				C244B9C12794DE2F008B8D8C /* Model */,
				C244B9BF2794DE12008B8D8C /* View */,
				C244B9C02794DE22008B8D8C /* Controller */,
				C29EDDB127935771007159FB /* i.xcassets */,
				C29EDDB327935771007159FB /* LaunchScreen.storyboard */,
				C29EDDB627935771007159FB /* Info.plist */,
				C29EDDAE27935770007159FB /* Itinerary.xcdatamodeld */,
			);
			path = Itinerary;
			sourceTree = "<group>";
		};
		C2B417A9279A4392004C7F00 /* Trip */ = {
			isa = PBXGroup;
			children = (
				C29EDDA927935770007159FB /* TripsViewController.swift */,
				C244B9C42794EBF9008B8D8C /* TripsTableViewCell.swift */,
			);
			path = Trip;
			sourceTree = "<group>";
		};
		C2B417AB279A43CD004C7F00 /* Add VC */ = {
			isa = PBXGroup;
			children = (
				C244B9CF27952722008B8D8C /* AddTripViewController.swift */,
				C22FD1BB279BE9250055F3DB /* AddActivatyViewController.swift */,
			);
			path = "Add VC";
			sourceTree = "<group>";
		};
		C2B417AE279A4475004C7F00 /* Activaty */ = {
			isa = PBXGroup;
			children = (
				C2B417A3279A2DF2004C7F00 /* ActivatyTableViewController.swift */,
				C2B417AC279A446B004C7F00 /* ActivatyTableViewCell.swift */,
				C2B417B2279A53E2004C7F00 /* HeaderTableViewCell.swift */,
			);
			path = Activaty;
			sourceTree = "<group>";
		};
/* End PBXGroup section */

/* Begin PBXNativeTarget section */
		C29EDDA127935770007159FB /* Itinerary */ = {
			isa = PBXNativeTarget;
			buildConfigurationList = C29EDDB927935771007159FB /* Build configuration list for PBXNativeTarget "Itinerary" */;
			buildPhases = (
				C29EDD9E27935770007159FB /* Sources */,
				C29EDD9F27935770007159FB /* Frameworks */,
				C29EDDA027935770007159FB /* Resources */,
			);
			buildRules = (
			);
			dependencies = (
			);
			name = Itinerary;
			packageProductDependencies = (
				C25EED45279CABF2002ED00D /* IQKeyboardManagerSwift */,
			);
			productName = Itinerary;
			productReference = C29EDDA227935770007159FB /* Itinerary.app */;
			productType = "com.apple.product-type.application";
		};
/* End PBXNativeTarget section */

/* Begin PBXProject section */
		C29EDD9A27935770007159FB /* Project object */ = {
			isa = PBXProject;
			attributes = {
				BuildIndependentTargetsInParallel = 1;
				LastSwiftUpdateCheck = 1310;
				LastUpgradeCheck = 1310;
				TargetAttributes = {
					C29EDDA127935770007159FB = {
						CreatedOnToolsVersion = 13.1;
					};
				};
			};
			buildConfigurationList = C29EDD9D27935770007159FB /* Build configuration list for PBXProject "Itinerary" */;
			compatibilityVersion = "Xcode 13.0";
			developmentRegion = en;
			hasScannedForEncodings = 0;
			knownRegions = (
				en,
				Base,
			);
			mainGroup = C29EDD9927935770007159FB;
			packageReferences = (
				C25EED44279CABF2002ED00D /* XCRemoteSwiftPackageReference "IQKeyboardManager" */,
			);
			productRefGroup = C29EDDA327935770007159FB /* Products */;
			projectDirPath = "";
			projectRoot = "";
			targets = (
				C29EDDA127935770007159FB /* Itinerary */,
			);
		};
/* End PBXProject section */

/* Begin PBXResourcesBuildPhase section */
		C29EDDA027935770007159FB /* Resources */ = {
			isa = PBXResourcesBuildPhase;
			buildActionMask = 2147483647;
			files = (
				C244B9CA2794FD5A008B8D8C /* Colors.xcassets in Resources */,
				C2B417B1279A451A004C7F00 /* Activaty.storyboard in Resources */,
				C2B417B7279A7F5E004C7F00 /* ActivatyType.xcassets in Resources */,
				C29EDDB527935771007159FB /* LaunchScreen.storyboard in Resources */,
				C29EDDB227935771007159FB /* i.xcassets in Resources */,
				C244B9C72794F7A4008B8D8C /* MochiyPopPOne-Regular.ttf in Resources */,
				C29EDDAD27935770007159FB /* Main.storyboard in Resources */,
			);
			runOnlyForDeploymentPostprocessing = 0;
		};
/* End PBXResourcesBuildPhase section */

/* Begin PBXSourcesBuildPhase section */
		C29EDD9E27935770007159FB /* Sources */ = {
			isa = PBXSourcesBuildPhase;
			buildActionMask = 2147483647;
			files = (
				C2DED22A279A954200AA81A2 /* Help.swift in Sources */,
				C2B417A4279A2DF2004C7F00 /* ActivatyTableViewController.swift in Sources */,
				C244B9C52794EBF9008B8D8C /* TripsTableViewCell.swift in Sources */,
				C244B9D027952722008B8D8C /* AddTripViewController.swift in Sources */,
				C244B9C32794DFC9008B8D8C /* TripModel.swift in Sources */,
				C2B417B3279A53E2004C7F00 /* HeaderTableViewCell.swift in Sources */,
				C29EDDAA27935770007159FB /* TripsViewController.swift in Sources */,
				C29EDDB027935770007159FB /* Itinerary.xcdatamodeld in Sources */,
				C2B417AD279A446B004C7F00 /* ActivatyTableViewCell.swift in Sources */,
				C29EDDA627935770007159FB /* AppDelegate.swift in Sources */,
				C2B417A6279A3E4A004C7F00 /* DayModel.swift in Sources */,
				C2B417B5279A6E2A004C7F00 /* ActivatyTypeEnum.swift in Sources */,
				C2B417A8279A3E5A004C7F00 /* ActivatyModel.swift in Sources */,
				C22FD1BC279BE9250055F3DB /* AddActivatyViewController.swift in Sources */,
				C29EDDA827935770007159FB /* SceneDelegate.swift in Sources */,
			);
			runOnlyForDeploymentPostprocessing = 0;
		};
/* End PBXSourcesBuildPhase section */

/* Begin PBXVariantGroup section */
		C29EDDAB27935770007159FB /* Main.storyboard */ = {
			isa = PBXVariantGroup;
			children = (
				C29EDDAC27935770007159FB /* Base */,
			);
			name = Main.storyboard;
			sourceTree = "<group>";
		};
		C29EDDB327935771007159FB /* LaunchScreen.storyboard */ = {
			isa = PBXVariantGroup;
			children = (
				C29EDDB427935771007159FB /* Base */,
			);
			name = LaunchScreen.storyboard;
			sourceTree = "<group>";
		};
		C2B417AF279A451A004C7F00 /* Activaty.storyboard */ = {
			isa = PBXVariantGroup;
			children = (
				C2B417B0279A451A004C7F00 /* Base */,
			);
			name = Activaty.storyboard;
			sourceTree = "<group>";
		};
/* End PBXVariantGroup section */

/* Begin XCBuildConfiguration section */
		C29EDDB727935771007159FB /* Debug */ = {
			isa = XCBuildConfiguration;
			buildSettings = {
				ALWAYS_SEARCH_USER_PATHS = NO;
				CLANG_ANALYZER_NONNULL = YES;
				CLANG_ANALYZER_NUMBER_OBJECT_CONVERSION = YES_AGGRESSIVE;
				CLANG_CXX_LANGUAGE_STANDARD = "gnu++17";
				CLANG_CXX_LIBRARY = "libc++";
				CLANG_ENABLE_MODULES = YES;
				CLANG_ENABLE_OBJC_ARC = YES;
				CLANG_ENABLE_OBJC_WEAK = YES;
				CLANG_WARN_BLOCK_CAPTURE_AUTORELEASING = YES;
				CLANG_WARN_BOOL_CONVERSION = YES;
				CLANG_WARN_COMMA = YES;
				CLANG_WARN_CONSTANT_CONVERSION = YES;
				CLANG_WARN_DEPRECATED_OBJC_IMPLEMENTATIONS = YES;
				CLANG_WARN_DIRECT_OBJC_ISA_USAGE = YES_ERROR;
				CLANG_WARN_DOCUMENTATION_COMMENTS = YES;
				CLANG_WARN_EMPTY_BODY = YES;
				CLANG_WARN_ENUM_CONVERSION = YES;
				CLANG_WARN_INFINITE_RECURSION = YES;
				CLANG_WARN_INT_CONVERSION = YES;
				CLANG_WARN_NON_LITERAL_NULL_CONVERSION = YES;
				CLANG_WARN_OBJC_IMPLICIT_RETAIN_SELF = YES;
				CLANG_WARN_OBJC_LITERAL_CONVERSION = YES;
				CLANG_WARN_OBJC_ROOT_CLASS = YES_ERROR;
				CLANG_WARN_QUOTED_INCLUDE_IN_FRAMEWORK_HEADER = YES;
				CLANG_WARN_RANGE_LOOP_ANALYSIS = YES;
				CLANG_WARN_STRICT_PROTOTYPES = YES;
				CLANG_WARN_SUSPICIOUS_MOVE = YES;
				CLANG_WARN_UNGUARDED_AVAILABILITY = YES_AGGRESSIVE;
				CLANG_WARN_UNREACHABLE_CODE = YES;
				CLANG_WARN__DUPLICATE_METHOD_MATCH = YES;
				COPY_PHASE_STRIP = NO;
				DEBUG_INFORMATION_FORMAT = dwarf;
				ENABLE_STRICT_OBJC_MSGSEND = YES;
				ENABLE_TESTABILITY = YES;
				GCC_C_LANGUAGE_STANDARD = gnu11;
				GCC_DYNAMIC_NO_PIC = NO;
				GCC_NO_COMMON_BLOCKS = YES;
				GCC_OPTIMIZATION_LEVEL = 0;
				GCC_PREPROCESSOR_DEFINITIONS = (
					"DEBUG=1",
					"$(inherited)",
				);
				GCC_WARN_64_TO_32_BIT_CONVERSION = YES;
				GCC_WARN_ABOUT_RETURN_TYPE = YES_ERROR;
				GCC_WARN_UNDECLARED_SELECTOR = YES;
				GCC_WARN_UNINITIALIZED_AUTOS = YES_AGGRESSIVE;
				GCC_WARN_UNUSED_FUNCTION = YES;
				GCC_WARN_UNUSED_VARIABLE = YES;
				IPHONEOS_DEPLOYMENT_TARGET = 15.0;
				MTL_ENABLE_DEBUG_INFO = INCLUDE_SOURCE;
				MTL_FAST_MATH = YES;
				ONLY_ACTIVE_ARCH = YES;
				SDKROOT = iphoneos;
				SWIFT_ACTIVE_COMPILATION_CONDITIONS = DEBUG;
				SWIFT_OPTIMIZATION_LEVEL = "-Onone";
			};
			name = Debug;
		};
		C29EDDB827935771007159FB /* Release */ = {
			isa = XCBuildConfiguration;
			buildSettings = {
				ALWAYS_SEARCH_USER_PATHS = NO;
				CLANG_ANALYZER_NONNULL = YES;
				CLANG_ANALYZER_NUMBER_OBJECT_CONVERSION = YES_AGGRESSIVE;
				CLANG_CXX_LANGUAGE_STANDARD = "gnu++17";
				CLANG_CXX_LIBRARY = "libc++";
				CLANG_ENABLE_MODULES = YES;
				CLANG_ENABLE_OBJC_ARC = YES;
				CLANG_ENABLE_OBJC_WEAK = YES;
				CLANG_WARN_BLOCK_CAPTURE_AUTORELEASING = YES;
				CLANG_WARN_BOOL_CONVERSION = YES;
				CLANG_WARN_COMMA = YES;
				CLANG_WARN_CONSTANT_CONVERSION = YES;
				CLANG_WARN_DEPRECATED_OBJC_IMPLEMENTATIONS = YES;
				CLANG_WARN_DIRECT_OBJC_ISA_USAGE = YES_ERROR;
				CLANG_WARN_DOCUMENTATION_COMMENTS = YES;
				CLANG_WARN_EMPTY_BODY = YES;
				CLANG_WARN_ENUM_CONVERSION = YES;
				CLANG_WARN_INFINITE_RECURSION = YES;
				CLANG_WARN_INT_CONVERSION = YES;
				CLANG_WARN_NON_LITERAL_NULL_CONVERSION = YES;
				CLANG_WARN_OBJC_IMPLICIT_RETAIN_SELF = YES;
				CLANG_WARN_OBJC_LITERAL_CONVERSION = YES;
				CLANG_WARN_OBJC_ROOT_CLASS = YES_ERROR;
				CLANG_WARN_QUOTED_INCLUDE_IN_FRAMEWORK_HEADER = YES;
				CLANG_WARN_RANGE_LOOP_ANALYSIS = YES;
				CLANG_WARN_STRICT_PROTOTYPES = YES;
				CLANG_WARN_SUSPICIOUS_MOVE = YES;
				CLANG_WARN_UNGUARDED_AVAILABILITY = YES_AGGRESSIVE;
				CLANG_WARN_UNREACHABLE_CODE = YES;
				CLANG_WARN__DUPLICATE_METHOD_MATCH = YES;
				COPY_PHASE_STRIP = NO;
				DEBUG_INFORMATION_FORMAT = "dwarf-with-dsym";
				ENABLE_NS_ASSERTIONS = NO;
				ENABLE_STRICT_OBJC_MSGSEND = YES;
				GCC_C_LANGUAGE_STANDARD = gnu11;
				GCC_NO_COMMON_BLOCKS = YES;
				GCC_WARN_64_TO_32_BIT_CONVERSION = YES;
				GCC_WARN_ABOUT_RETURN_TYPE = YES_ERROR;
				GCC_WARN_UNDECLARED_SELECTOR = YES;
				GCC_WARN_UNINITIALIZED_AUTOS = YES_AGGRESSIVE;
				GCC_WARN_UNUSED_FUNCTION = YES;
				GCC_WARN_UNUSED_VARIABLE = YES;
				IPHONEOS_DEPLOYMENT_TARGET = 15.0;
				MTL_ENABLE_DEBUG_INFO = NO;
				MTL_FAST_MATH = YES;
				SDKROOT = iphoneos;
				SWIFT_COMPILATION_MODE = wholemodule;
				SWIFT_OPTIMIZATION_LEVEL = "-O";
				VALIDATE_PRODUCT = YES;
			};
			name = Release;
		};
		C29EDDBA27935771007159FB /* Debug */ = {
			isa = XCBuildConfiguration;
			buildSettings = {
				ASSETCATALOG_COMPILER_APPICON_NAME = AppIcon;
				ASSETCATALOG_COMPILER_GLOBAL_ACCENT_COLOR_NAME = AccentColor;
				CODE_SIGN_STYLE = Automatic;
				CURRENT_PROJECT_VERSION = 1;
				DEVELOPMENT_TEAM = SB52S4673U;
				GENERATE_INFOPLIST_FILE = YES;
				INFOPLIST_FILE = Itinerary/Info.plist;
				INFOPLIST_KEY_UIApplicationSupportsIndirectInputEvents = YES;
				INFOPLIST_KEY_UILaunchStoryboardName = LaunchScreen;
				INFOPLIST_KEY_UIMainStoryboardFile = Main;
				INFOPLIST_KEY_UISupportedInterfaceOrientations_iPad = "UIInterfaceOrientationPortrait UIInterfaceOrientationPortraitUpsideDown UIInterfaceOrientationLandscapeLeft UIInterfaceOrientationLandscapeRight";
				INFOPLIST_KEY_UISupportedInterfaceOrientations_iPhone = "UIInterfaceOrientationPortrait UIInterfaceOrientationLandscapeLeft UIInterfaceOrientationLandscapeRight";
				LD_RUNPATH_SEARCH_PATHS = (
					"$(inherited)",
					"@executable_path/Frameworks",
				);
				MARKETING_VERSION = 1.0;
				PRODUCT_BUNDLE_IDENTIFIER = AsemElkouli.Itinerary;
				PRODUCT_NAME = "$(TARGET_NAME)";
				SWIFT_EMIT_LOC_STRINGS = YES;
				SWIFT_VERSION = 5.0;
				TARGETED_DEVICE_FAMILY = "1,2";
			};
			name = Debug;
		};
		C29EDDBB27935771007159FB /* Release */ = {
			isa = XCBuildConfiguration;
			buildSettings = {
				ASSETCATALOG_COMPILER_APPICON_NAME = AppIcon;
				ASSETCATALOG_COMPILER_GLOBAL_ACCENT_COLOR_NAME = AccentColor;
				CODE_SIGN_STYLE = Automatic;
				CURRENT_PROJECT_VERSION = 1;
				DEVELOPMENT_TEAM = SB52S4673U;
				GENERATE_INFOPLIST_FILE = YES;
				INFOPLIST_FILE = Itinerary/Info.plist;
				INFOPLIST_KEY_UIApplicationSupportsIndirectInputEvents = YES;
				INFOPLIST_KEY_UILaunchStoryboardName = LaunchScreen;
				INFOPLIST_KEY_UIMainStoryboardFile = Main;
				INFOPLIST_KEY_UISupportedInterfaceOrientations_iPad = "UIInterfaceOrientationPortrait UIInterfaceOrientationPortraitUpsideDown UIInterfaceOrientationLandscapeLeft UIInterfaceOrientationLandscapeRight";
				INFOPLIST_KEY_UISupportedInterfaceOrientations_iPhone = "UIInterfaceOrientationPortrait UIInterfaceOrientationLandscapeLeft UIInterfaceOrientationLandscapeRight";
				LD_RUNPATH_SEARCH_PATHS = (
					"$(inherited)",
					"@executable_path/Frameworks",
				);
				MARKETING_VERSION = 1.0;
				PRODUCT_BUNDLE_IDENTIFIER = AsemElkouli.Itinerary;
				PRODUCT_NAME = "$(TARGET_NAME)";
				SWIFT_EMIT_LOC_STRINGS = YES;
				SWIFT_VERSION = 5.0;
				TARGETED_DEVICE_FAMILY = "1,2";
			};
			name = Release;
		};
/* End XCBuildConfiguration section */

/* Begin XCConfigurationList section */
		C29EDD9D27935770007159FB /* Build configuration list for PBXProject "Itinerary" */ = {
			isa = XCConfigurationList;
			buildConfigurations = (
				C29EDDB727935771007159FB /* Debug */,
				C29EDDB827935771007159FB /* Release */,
			);
			defaultConfigurationIsVisible = 0;
			defaultConfigurationName = Release;
		};
		C29EDDB927935771007159FB /* Build configuration list for PBXNativeTarget "Itinerary" */ = {
			isa = XCConfigurationList;
			buildConfigurations = (
				C29EDDBA27935771007159FB /* Debug */,
				C29EDDBB27935771007159FB /* Release */,
			);
			defaultConfigurationIsVisible = 0;
			defaultConfigurationName = Release;
		};
/* End XCConfigurationList section */

/* Begin XCRemoteSwiftPackageReference section */
		C25EED44279CABF2002ED00D /* XCRemoteSwiftPackageReference "IQKeyboardManager" */ = {
			isa = XCRemoteSwiftPackageReference;
			repositoryURL = "https://github.com/hackiftekhar/IQKeyboardManager";
			requirement = {
				branch = master;
				kind = branch;
			};
		};
/* End XCRemoteSwiftPackageReference section */

/* Begin XCSwiftPackageProductDependency section */
		C25EED45279CABF2002ED00D /* IQKeyboardManagerSwift */ = {
			isa = XCSwiftPackageProductDependency;
			package = C25EED44279CABF2002ED00D /* XCRemoteSwiftPackageReference "IQKeyboardManager" */;
			productName = IQKeyboardManagerSwift;
		};
/* End XCSwiftPackageProductDependency section */

/* Begin XCVersionGroup section */
		C29EDDAE27935770007159FB /* Itinerary.xcdatamodeld */ = {
			isa = XCVersionGroup;
			children = (
				C29EDDAF27935770007159FB /* Itinerary.xcdatamodel */,
			);
			currentVersion = C29EDDAF27935770007159FB /* Itinerary.xcdatamodel */;
			path = Itinerary.xcdatamodeld;
			sourceTree = "<group>";
			versionGroupType = wrapper.xcdatamodel;
		};
/* End XCVersionGroup section */
	};
	rootObject = C29EDD9A27935770007159FB /* Project object */;
}
